
Microsoft Visual Studio Solution File, Format Version 12.00
# Visual Studio Version 17
VisualStudioVersion = 17.14.36616.10 d17.14
MinimumVisualStudioVersion = 10.0.40219.1
Project("{FAE04EC0-301F-11D3-BF4B-00C04F79EFBC}") = "api", "api\api.csproj", "{514A8C18-DB37-4121-951B-7AA45270D025}"
EndProject
Global
	GlobalSection(SolutionConfigurationPlatforms) = preSolution
		Debug|Any CPU = Debug|Any CPU
		Release|Any CPU = Release|Any CPU
	EndGlobalSection
	GlobalSection(ProjectConfigurationPlatforms) = postSolution
		{514A8C18-DB37-4121-951B-7AA45270D025}.Debug|Any CPU.ActiveCfg = Debug|Any CPU
		{514A8C18-DB37-4121-951B-7AA45270D025}.Debug|Any CPU.Build.0 = Debug|Any CPU
		{514A8C18-DB37-4121-951B-7AA45270D025}.Release|Any CPU.ActiveCfg = Release|Any CPU
		{514A8C18-DB37-4121-951B-7AA45270D025}.Release|Any CPU.Build.0 = Release|Any CPU
	EndGlobalSection
	GlobalSection(SolutionProperties) = preSolution
		HideSolutionNode = FALSE
	EndGlobalSection
	GlobalSection(ExtensibilityGlobals) = postSolution
		SolutionGuid = {CA96344F-FBC6-4880-B1BC-0F35EEBFCA10}
	EndGlobalSection
EndGlobal
